
Microsoft Visual Studio Solution File, Format Version 12.00
# Visual Studio Version 17
VisualStudioVersion = 17.5.33530.505
MinimumVisualStudioVersion = 10.0.40219.1
Project("{FAE04EC0-301F-11D3-BF4B-00C04F79EFBC}") = "Task_1", "Task_1\Task_1.csproj", "{71227F31-54B4-4751-98B6-E12716000496}"
EndProject
Project("{FAE04EC0-301F-11D3-BF4B-00C04F79EFBC}") = "Task_2", "Task_2\Task_2.csproj", "{6C1D60E4-A7AA-42BA-8C0A-046BBAECA0EF}"
EndProject
Project("{FAE04EC0-301F-11D3-BF4B-00C04F79EFBC}") = "Task_3", "Task_3\Task_3.csproj", "{C6E2AD58-0AD2-47E4-A4EB-A4967356AAC2}"
EndProject
Project("{FAE04EC0-301F-11D3-BF4B-00C04F79EFBC}") = "Task_4", "Task_4\Task_4.csproj", "{B4C58C4E-FF73-4D18-9183-42459D335378}"
EndProject
Project("{FAE04EC0-301F-11D3-BF4B-00C04F79EFBC}") = "Task_5", "Task_5\Task_5.csproj", "{E576117E-5DDB-476C-A3D4-349A2C86CEBB}"
EndProject
Global
	GlobalSection(SolutionConfigurationPlatforms) = preSolution
		Debug|Any CPU = Debug|Any CPU
		Release|Any CPU = Release|Any CPU
	EndGlobalSection
	GlobalSection(ProjectConfigurationPlatforms) = postSolution
		{71227F31-54B4-4751-98B6-E12716000496}.Debug|Any CPU.ActiveCfg = Debug|Any CPU
		{71227F31-54B4-4751-98B6-E12716000496}.Debug|Any CPU.Build.0 = Debug|Any CPU
		{71227F31-54B4-4751-98B6-E12716000496}.Release|Any CPU.ActiveCfg = Release|Any CPU
		{71227F31-54B4-4751-98B6-E12716000496}.Release|Any CPU.Build.0 = Release|Any CPU
		{6C1D60E4-A7AA-42BA-8C0A-046BBAECA0EF}.Debug|Any CPU.ActiveCfg = Debug|Any CPU
		{6C1D60E4-A7AA-42BA-8C0A-046BBAECA0EF}.Debug|Any CPU.Build.0 = Debug|Any CPU
		{6C1D60E4-A7AA-42BA-8C0A-046BBAECA0EF}.Release|Any CPU.ActiveCfg = Release|Any CPU
		{6C1D60E4-A7AA-42BA-8C0A-046BBAECA0EF}.Release|Any CPU.Build.0 = Release|Any CPU
		{C6E2AD58-0AD2-47E4-A4EB-A4967356AAC2}.Debug|Any CPU.ActiveCfg = Debug|Any CPU
		{C6E2AD58-0AD2-47E4-A4EB-A4967356AAC2}.Debug|Any CPU.Build.0 = Debug|Any CPU
		{C6E2AD58-0AD2-47E4-A4EB-A4967356AAC2}.Release|Any CPU.ActiveCfg = Release|Any CPU
		{C6E2AD58-0AD2-47E4-A4EB-A4967356AAC2}.Release|Any CPU.Build.0 = Release|Any CPU
		{B4C58C4E-FF73-4D18-9183-42459D335378}.Debug|Any CPU.ActiveCfg = Debug|Any CPU
		{B4C58C4E-FF73-4D18-9183-42459D335378}.Debug|Any CPU.Build.0 = Debug|Any CPU
		{B4C58C4E-FF73-4D18-9183-42459D335378}.Release|Any CPU.ActiveCfg = Release|Any CPU
		{B4C58C4E-FF73-4D18-9183-42459D335378}.Release|Any CPU.Build.0 = Release|Any CPU
		{E576117E-5DDB-476C-A3D4-349A2C86CEBB}.Debug|Any CPU.ActiveCfg = Debug|Any CPU
		{E576117E-5DDB-476C-A3D4-349A2C86CEBB}.Debug|Any CPU.Build.0 = Debug|Any CPU
		{E576117E-5DDB-476C-A3D4-349A2C86CEBB}.Release|Any CPU.ActiveCfg = Release|Any CPU
		{E576117E-5DDB-476C-A3D4-349A2C86CEBB}.Release|Any CPU.Build.0 = Release|Any CPU
	EndGlobalSection
	GlobalSection(SolutionProperties) = preSolution
		HideSolutionNode = FALSE
	EndGlobalSection
	GlobalSection(ExtensibilityGlobals) = postSolution
		SolutionGuid = {302DCA7D-E144-4435-A6C8-81F701069985}
	EndGlobalSection
EndGlobal
